// !$*UTF8*$!
{
	archiveVersion = 1;
	classes = {
	};
	objectVersion = 55;
	objects = {

/* Begin PBXBuildFile section */
		58439C1B285F57420087B332 /* LeeoLifeLogApp.swift in Sources */ = {isa = PBXBuildFile; fileRef = 58439C1A285F57420087B332 /* LeeoLifeLogApp.swift */; };
		58439C1D285F57420087B332 /* ContentView.swift in Sources */ = {isa = PBXBuildFile; fileRef = 58439C1C285F57420087B332 /* ContentView.swift */; };
		58439C1F285F57430087B332 /* Assets.xcassets in Resources */ = {isa = PBXBuildFile; fileRef = 58439C1E285F57430087B332 /* Assets.xcassets */; };
		58439C22285F57430087B332 /* Preview Assets.xcassets in Resources */ = {isa = PBXBuildFile; fileRef = 58439C21285F57430087B332 /* Preview Assets.xcassets */; };
		58439C2C285F57430087B332 /* LeeoLifeLogTests.swift in Sources */ = {isa = PBXBuildFile; fileRef = 58439C2B285F57430087B332 /* LeeoLifeLogTests.swift */; };
		58439C36285F57430087B332 /* LeeoLifeLogUITests.swift in Sources */ = {isa = PBXBuildFile; fileRef = 58439C35285F57430087B332 /* LeeoLifeLogUITests.swift */; };
		58439C38285F57430087B332 /* LeeoLifeLogUITestsLaunchTests.swift in Sources */ = {isa = PBXBuildFile; fileRef = 58439C37285F57430087B332 /* LeeoLifeLogUITestsLaunchTests.swift */; };
/* End PBXBuildFile section */

/* Begin PBXContainerItemProxy section */
		58439C28285F57430087B332 /* PBXContainerItemProxy */ = {
			isa = PBXContainerItemProxy;
			containerPortal = 58439C0F285F57420087B332 /* Project object */;
			proxyType = 1;
			remoteGlobalIDString = 58439C16285F57420087B332;
			remoteInfo = LeeoLifeLog;
		};
		58439C32285F57430087B332 /* PBXContainerItemProxy */ = {
			isa = PBXContainerItemProxy;
			containerPortal = 58439C0F285F57420087B332 /* Project object */;
			proxyType = 1;
			remoteGlobalIDString = 58439C16285F57420087B332;
			remoteInfo = LeeoLifeLog;
		};
/* End PBXContainerItemProxy section */

/* Begin PBXFileReference section */
		58439C17285F57420087B332 /* LeeoLifeLog.app */ = {isa = PBXFileReference; explicitFileType = wrapper.application; includeInIndex = 0; path = LeeoLifeLog.app; sourceTree = BUILT_PRODUCTS_DIR; };
		58439C1A285F57420087B332 /* LeeoLifeLogApp.swift */ = {isa = PBXFileReference; lastKnownFileType = sourcecode.swift; path = LeeoLifeLogApp.swift; sourceTree = "<group>"; };
		58439C1C285F57420087B332 /* ContentView.swift */ = {isa = PBXFileReference; lastKnownFileType = sourcecode.swift; path = ContentView.swift; sourceTree = "<group>"; };
		58439C1E285F57430087B332 /* Assets.xcassets */ = {isa = PBXFileReference; lastKnownFileType = folder.assetcatalog; path = Assets.xcassets; sourceTree = "<group>"; };
		58439C21285F57430087B332 /* Preview Assets.xcassets */ = {isa = PBXFileReference; lastKnownFileType = folder.assetcatalog; path = "Preview Assets.xcassets"; sourceTree = "<group>"; };
		58439C27285F57430087B332 /* LeeoLifeLogTests.xctest */ = {isa = PBXFileReference; explicitFileType = wrapper.cfbundle; includeInIndex = 0; path = LeeoLifeLogTests.xctest; sourceTree = BUILT_PRODUCTS_DIR; };
		58439C2B285F57430087B332 /* LeeoLifeLogTests.swift */ = {isa = PBXFileReference; lastKnownFileType = sourcecode.swift; path = LeeoLifeLogTests.swift; sourceTree = "<group>"; };
		58439C31285F57430087B332 /* LeeoLifeLogUITests.xctest */ = {isa = PBXFileReference; explicitFileType = wrapper.cfbundle; includeInIndex = 0; path = LeeoLifeLogUITests.xctest; sourceTree = BUILT_PRODUCTS_DIR; };
		58439C35285F57430087B332 /* LeeoLifeLogUITests.swift */ = {isa = PBXFileReference; lastKnownFileType = sourcecode.swift; path = LeeoLifeLogUITests.swift; sourceTree = "<group>"; };
		58439C37285F57430087B332 /* LeeoLifeLogUITestsLaunchTests.swift */ = {isa = PBXFileReference; lastKnownFileType = sourcecode.swift; path = LeeoLifeLogUITestsLaunchTests.swift; sourceTree = "<group>"; };
/* End PBXFileReference section */

/* Begin PBXFrameworksBuildPhase section */
		58439C14285F57420087B332 /* Frameworks */ = {
			isa = PBXFrameworksBuildPhase;
			buildActionMask = 2147483647;
			files = (
			);
			runOnlyForDeploymentPostprocessing = 0;
		};
		58439C24285F57430087B332 /* Frameworks */ = {
			isa = PBXFrameworksBuildPhase;
			buildActionMask = 2147483647;
			files = (
			);
			runOnlyForDeploymentPostprocessing = 0;
		};
		58439C2E285F57430087B332 /* Frameworks */ = {
			isa = PBXFrameworksBuildPhase;
			buildActionMask = 2147483647;
			files = (
			);
			runOnlyForDeploymentPostprocessing = 0;
		};
/* End PBXFrameworksBuildPhase section */

/* Begin PBXGroup section */
		58439C0E285F57420087B332 = {
			isa = PBXGroup;
			children = (
				58439C19285F57420087B332 /* LeeoLifeLog */,
				58439C2A285F57430087B332 /* LeeoLifeLogTests */,
				58439C34285F57430087B332 /* LeeoLifeLogUITests */,
				58439C18285F57420087B332 /* Products */,
			);
			sourceTree = "<group>";
		};
		58439C18285F57420087B332 /* Products */ = {
			isa = PBXGroup;
			children = (
				58439C17285F57420087B332 /* LeeoLifeLog.app */,
				58439C27285F57430087B332 /* LeeoLifeLogTests.xctest */,
				58439C31285F57430087B332 /* LeeoLifeLogUITests.xctest */,
			);
			name = Products;
			sourceTree = "<group>";
		};
		58439C19285F57420087B332 /* LeeoLifeLog */ = {
			isa = PBXGroup;
			children = (
				58439C1A285F57420087B332 /* LeeoLifeLogApp.swift */,
				58439C1C285F57420087B332 /* ContentView.swift */,
				58439C1E285F57430087B332 /* Assets.xcassets */,
				58439C20285F57430087B332 /* Preview Content */,
			);
			path = LeeoLifeLog;
			sourceTree = "<group>";
		};
		58439C20285F57430087B332 /* Preview Content */ = {
			isa = PBXGroup;
			children = (
				58439C21285F57430087B332 /* Preview Assets.xcassets */,
			);
			path = "Preview Content";
			sourceTree = "<group>";
		};
		58439C2A285F57430087B332 /* LeeoLifeLogTests */ = {
			isa = PBXGroup;
			children = (
				58439C2B285F57430087B332 /* LeeoLifeLogTests.swift */,
			);
			path = LeeoLifeLogTests;
			sourceTree = "<group>";
		};
		58439C34285F57430087B332 /* LeeoLifeLogUITests */ = {
			isa = PBXGroup;
			children = (
				58439C35285F57430087B332 /* LeeoLifeLogUITests.swift */,
				58439C37285F57430087B332 /* LeeoLifeLogUITestsLaunchTests.swift */,
			);
			path = LeeoLifeLogUITests;
			sourceTree = "<group>";
		};
/* End PBXGroup section */

/* Begin PBXNativeTarget section */
		58439C16285F57420087B332 /* LeeoLifeLog */ = {
			isa = PBXNativeTarget;
			buildConfigurationList = 58439C3B285F57430087B332 /* Build configuration list for PBXNativeTarget "LeeoLifeLog" */;
			buildPhases = (
				58439C13285F57420087B332 /* Sources */,
				58439C14285F57420087B332 /* Frameworks */,
				58439C15285F57420087B332 /* Resources */,
			);
			buildRules = (
			);
			dependencies = (
			);
			name = LeeoLifeLog;
			productName = LeeoLifeLog;
			productReference = 58439C17285F57420087B332 /* LeeoLifeLog.app */;
			productType = "com.apple.product-type.application";
		};
		58439C26285F57430087B332 /* LeeoLifeLogTests */ = {
			isa = PBXNativeTarget;
			buildConfigurationList = 58439C3E285F57430087B332 /* Build configuration list for PBXNativeTarget "LeeoLifeLogTests" */;
			buildPhases = (
				58439C23285F57430087B332 /* Sources */,
				58439C24285F57430087B332 /* Frameworks */,
				58439C25285F57430087B332 /* Resources */,
			);
			buildRules = (
			);
			dependencies = (
				58439C29285F57430087B332 /* PBXTargetDependency */,
			);
			name = LeeoLifeLogTests;
			productName = LeeoLifeLogTests;
			productReference = 58439C27285F57430087B332 /* LeeoLifeLogTests.xctest */;
			productType = "com.apple.product-type.bundle.unit-test";
		};
		58439C30285F57430087B332 /* LeeoLifeLogUITests */ = {
			isa = PBXNativeTarget;
			buildConfigurationList = 58439C41285F57430087B332 /* Build configuration list for PBXNativeTarget "LeeoLifeLogUITests" */;
			buildPhases = (
				58439C2D285F57430087B332 /* Sources */,
				58439C2E285F57430087B332 /* Frameworks */,
				58439C2F285F57430087B332 /* Resources */,
			);
			buildRules = (
			);
			dependencies = (
				58439C33285F57430087B332 /* PBXTargetDependency */,
			);
			name = LeeoLifeLogUITests;
			productName = LeeoLifeLogUITests;
			productReference = 58439C31285F57430087B332 /* LeeoLifeLogUITests.xctest */;
			productType = "com.apple.product-type.bundle.ui-testing";
		};
/* End PBXNativeTarget section */

/* Begin PBXProject section */
		58439C0F285F57420087B332 /* Project object */ = {
			isa = PBXProject;
			attributes = {
				BuildIndependentTargetsInParallel = 1;
				LastSwiftUpdateCheck = 1340;
				LastUpgradeCheck = 1340;
				TargetAttributes = {
					58439C16285F57420087B332 = {
						CreatedOnToolsVersion = 13.4;
					};
					58439C26285F57430087B332 = {
						CreatedOnToolsVersion = 13.4;
						TestTargetID = 58439C16285F57420087B332;
					};
					58439C30285F57430087B332 = {
						CreatedOnToolsVersion = 13.4;
						TestTargetID = 58439C16285F57420087B332;
					};
				};
			};
			buildConfigurationList = 58439C12285F57420087B332 /* Build configuration list for PBXProject "LeeoLifeLog" */;
			compatibilityVersion = "Xcode 13.0";
			developmentRegion = en;
			hasScannedForEncodings = 0;
			knownRegions = (
				en,
				Base,
			);
			mainGroup = 58439C0E285F57420087B332;
			productRefGroup = 58439C18285F57420087B332 /* Products */;
			projectDirPath = "";
			projectRoot = "";
			targets = (
				58439C16285F57420087B332 /* LeeoLifeLog */,
				58439C26285F57430087B332 /* LeeoLifeLogTests */,
				58439C30285F57430087B332 /* LeeoLifeLogUITests */,
			);
		};
/* End PBXProject section */

/* Begin PBXResourcesBuildPhase section */
		58439C15285F57420087B332 /* Resources */ = {
			isa = PBXResourcesBuildPhase;
			buildActionMask = 2147483647;
			files = (
				58439C22285F57430087B332 /* Preview Assets.xcassets in Resources */,
				58439C1F285F57430087B332 /* Assets.xcassets in Resources */,
			);
			runOnlyForDeploymentPostprocessing = 0;
		};
		58439C25285F57430087B332 /* Resources */ = {
			isa = PBXResourcesBuildPhase;
			buildActionMask = 2147483647;
			files = (
			);
			runOnlyForDeploymentPostprocessing = 0;
		};
		58439C2F285F57430087B332 /* Resources */ = {
			isa = PBXResourcesBuildPhase;
			buildActionMask = 2147483647;
			files = (
			);
			runOnlyForDeploymentPostprocessing = 0;
		};
/* End PBXResourcesBuildPhase section */

/* Begin PBXSourcesBuildPhase section */
		58439C13285F57420087B332 /* Sources */ = {
			isa = PBXSourcesBuildPhase;
			buildActionMask = 2147483647;
			files = (
				58439C1D285F57420087B332 /* ContentView.swift in Sources */,
				58439C1B285F57420087B332 /* LeeoLifeLogApp.swift in Sources */,
			);
			runOnlyForDeploymentPostprocessing = 0;
		};
		58439C23285F57430087B332 /* Sources */ = {
			isa = PBXSourcesBuildPhase;
			buildActionMask = 2147483647;
			files = (
				58439C2C285F57430087B332 /* LeeoLifeLogTests.swift in Sources */,
			);
			runOnlyForDeploymentPostprocessing = 0;
		};
		58439C2D285F57430087B332 /* Sources */ = {
			isa = PBXSourcesBuildPhase;
			buildActionMask = 2147483647;
			files = (
				58439C38285F57430087B332 /* LeeoLifeLogUITestsLaunchTests.swift in Sources */,
				58439C36285F57430087B332 /* LeeoLifeLogUITests.swift in Sources */,
			);
			runOnlyForDeploymentPostprocessing = 0;
		};
/* End PBXSourcesBuildPhase section */

/* Begin PBXTargetDependency section */
		58439C29285F57430087B332 /* PBXTargetDependency */ = {
			isa = PBXTargetDependency;
			target = 58439C16285F57420087B332 /* LeeoLifeLog */;
			targetProxy = 58439C28285F57430087B332 /* PBXContainerItemProxy */;
		};
		58439C33285F57430087B332 /* PBXTargetDependency */ = {
			isa = PBXTargetDependency;
			target = 58439C16285F57420087B332 /* LeeoLifeLog */;
			targetProxy = 58439C32285F57430087B332 /* PBXContainerItemProxy */;
		};
/* End PBXTargetDependency section */

/* Begin XCBuildConfiguration section */
		58439C39285F57430087B332 /* Debug */ = {
			isa = XCBuildConfiguration;
			buildSettings = {
				ALWAYS_SEARCH_USER_PATHS = NO;
				CLANG_ANALYZER_NONNULL = YES;
				CLANG_ANALYZER_NUMBER_OBJECT_CONVERSION = YES_AGGRESSIVE;
				CLANG_CXX_LANGUAGE_STANDARD = "gnu++17";
				CLANG_ENABLE_MODULES = YES;
				CLANG_ENABLE_OBJC_ARC = YES;
				CLANG_ENABLE_OBJC_WEAK = YES;
				CLANG_WARN_BLOCK_CAPTURE_AUTORELEASING = YES;
				CLANG_WARN_BOOL_CONVERSION = YES;
				CLANG_WARN_COMMA = YES;
				CLANG_WARN_CONSTANT_CONVERSION = YES;
				CLANG_WARN_DEPRECATED_OBJC_IMPLEMENTATIONS = YES;
				CLANG_WARN_DIRECT_OBJC_ISA_USAGE = YES_ERROR;
				CLANG_WARN_DOCUMENTATION_COMMENTS = YES;
				CLANG_WARN_EMPTY_BODY = YES;
				CLANG_WARN_ENUM_CONVERSION = YES;
				CLANG_WARN_INFINITE_RECURSION = YES;
				CLANG_WARN_INT_CONVERSION = YES;
				CLANG_WARN_NON_LITERAL_NULL_CONVERSION = YES;
				CLANG_WARN_OBJC_IMPLICIT_RETAIN_SELF = YES;
				CLANG_WARN_OBJC_LITERAL_CONVERSION = YES;
				CLANG_WARN_OBJC_ROOT_CLASS = YES_ERROR;
				CLANG_WARN_QUOTED_INCLUDE_IN_FRAMEWORK_HEADER = YES;
				CLANG_WARN_RANGE_LOOP_ANALYSIS = YES;
				CLANG_WARN_STRICT_PROTOTYPES = YES;
				CLANG_WARN_SUSPICIOUS_MOVE = YES;
				CLANG_WARN_UNGUARDED_AVAILABILITY = YES_AGGRESSIVE;
				CLANG_WARN_UNREACHABLE_CODE = YES;
				CLANG_WARN__DUPLICATE_METHOD_MATCH = YES;
				COPY_PHASE_STRIP = NO;
				DEBUG_INFORMATION_FORMAT = dwarf;
				ENABLE_STRICT_OBJC_MSGSEND = YES;
				ENABLE_TESTABILITY = YES;
				GCC_C_LANGUAGE_STANDARD = gnu11;
				GCC_DYNAMIC_NO_PIC = NO;
				GCC_NO_COMMON_BLOCKS = YES;
				GCC_OPTIMIZATION_LEVEL = 0;
				GCC_PREPROCESSOR_DEFINITIONS = (
					"DEBUG=1",
					"$(inherited)",
				);
				GCC_WARN_64_TO_32_BIT_CONVERSION = YES;
				GCC_WARN_ABOUT_RETURN_TYPE = YES_ERROR;
				GCC_WARN_UNDECLARED_SELECTOR = YES;
				GCC_WARN_UNINITIALIZED_AUTOS = YES_AGGRESSIVE;
				GCC_WARN_UNUSED_FUNCTION = YES;
				GCC_WARN_UNUSED_VARIABLE = YES;
				IPHONEOS_DEPLOYMENT_TARGET = 15.5;
				MTL_ENABLE_DEBUG_INFO = INCLUDE_SOURCE;
				MTL_FAST_MATH = YES;
				ONLY_ACTIVE_ARCH = YES;
				SDKROOT = iphoneos;
				SWIFT_ACTIVE_COMPILATION_CONDITIONS = DEBUG;
				SWIFT_OPTIMIZATION_LEVEL = "-Onone";
			};
			name = Debug;
		};
		58439C3A285F57430087B332 /* Release */ = {
			isa = XCBuildConfiguration;
			buildSettings = {
				ALWAYS_SEARCH_USER_PATHS = NO;
				CLANG_ANALYZER_NONNULL = YES;
				CLANG_ANALYZER_NUMBER_OBJECT_CONVERSION = YES_AGGRESSIVE;
				CLANG_CXX_LANGUAGE_STANDARD = "gnu++17";
				CLANG_ENABLE_MODULES = YES;
				CLANG_ENABLE_OBJC_ARC = YES;
				CLANG_ENABLE_OBJC_WEAK = YES;
				CLANG_WARN_BLOCK_CAPTURE_AUTORELEASING = YES;
				CLANG_WARN_BOOL_CONVERSION = YES;
				CLANG_WARN_COMMA = YES;
				CLANG_WARN_CONSTANT_CONVERSION = YES;
				CLANG_WARN_DEPRECATED_OBJC_IMPLEMENTATIONS = YES;
				CLANG_WARN_DIRECT_OBJC_ISA_USAGE = YES_ERROR;
				CLANG_WARN_DOCUMENTATION_COMMENTS = YES;
				CLANG_WARN_EMPTY_BODY = YES;
				CLANG_WARN_ENUM_CONVERSION = YES;
				CLANG_WARN_INFINITE_RECURSION = YES;
				CLANG_WARN_INT_CONVERSION = YES;
				CLANG_WARN_NON_LITERAL_NULL_CONVERSION = YES;
				CLANG_WARN_OBJC_IMPLICIT_RETAIN_SELF = YES;
				CLANG_WARN_OBJC_LITERAL_CONVERSION = YES;
				CLANG_WARN_OBJC_ROOT_CLASS = YES_ERROR;
				CLANG_WARN_QUOTED_INCLUDE_IN_FRAMEWORK_HEADER = YES;
				CLANG_WARN_RANGE_LOOP_ANALYSIS = YES;
				CLANG_WARN_STRICT_PROTOTYPES = YES;
				CLANG_WARN_SUSPICIOUS_MOVE = YES;
				CLANG_WARN_UNGUARDED_AVAILABILITY = YES_AGGRESSIVE;
				CLANG_WARN_UNREACHABLE_CODE = YES;
				CLANG_WARN__DUPLICATE_METHOD_MATCH = YES;
				COPY_PHASE_STRIP = NO;
				DEBUG_INFORMATION_FORMAT = "dwarf-with-dsym";
				ENABLE_NS_ASSERTIONS = NO;
				ENABLE_STRICT_OBJC_MSGSEND = YES;
				GCC_C_LANGUAGE_STANDARD = gnu11;
				GCC_NO_COMMON_BLOCKS = YES;
				GCC_WARN_64_TO_32_BIT_CONVERSION = YES;
				GCC_WARN_ABOUT_RETURN_TYPE = YES_ERROR;
				GCC_WARN_UNDECLARED_SELECTOR = YES;
				GCC_WARN_UNINITIALIZED_AUTOS = YES_AGGRESSIVE;
				GCC_WARN_UNUSED_FUNCTION = YES;
				GCC_WARN_UNUSED_VARIABLE = YES;
				IPHONEOS_DEPLOYMENT_TARGET = 15.5;
				MTL_ENABLE_DEBUG_INFO = NO;
				MTL_FAST_MATH = YES;
				SDKROOT = iphoneos;
				SWIFT_COMPILATION_MODE = wholemodule;
				SWIFT_OPTIMIZATION_LEVEL = "-O";
				VALIDATE_PRODUCT = YES;
			};
			name = Release;
		};
		58439C3C285F57430087B332 /* Debug */ = {
			isa = XCBuildConfiguration;
			buildSettings = {
				ASSETCATALOG_COMPILER_APPICON_NAME = AppIcon;
				ASSETCATALOG_COMPILER_GLOBAL_ACCENT_COLOR_NAME = AccentColor;
				CODE_SIGN_STYLE = Automatic;
				CURRENT_PROJECT_VERSION = 1;
				DEVELOPMENT_ASSET_PATHS = "\"LeeoLifeLog/Preview Content\"";
				DEVELOPMENT_TEAM = QGAQ3AY3R3;
				ENABLE_PREVIEWS = YES;
				GENERATE_INFOPLIST_FILE = YES;
				INFOPLIST_KEY_UIApplicationSceneManifest_Generation = YES;
				INFOPLIST_KEY_UIApplicationSupportsIndirectInputEvents = YES;
				INFOPLIST_KEY_UILaunchScreen_Generation = YES;
				INFOPLIST_KEY_UISupportedInterfaceOrientations_iPad = "UIInterfaceOrientationPortrait UIInterfaceOrientationPortraitUpsideDown UIInterfaceOrientationLandscapeLeft UIInterfaceOrientationLandscapeRight";
				INFOPLIST_KEY_UISupportedInterfaceOrientations_iPhone = "UIInterfaceOrientationPortrait UIInterfaceOrientationLandscapeLeft UIInterfaceOrientationLandscapeRight";
				LD_RUNPATH_SEARCH_PATHS = (
					"$(inherited)",
					"@executable_path/Frameworks",
				);
				MARKETING_VERSION = 1.0;
				PRODUCT_BUNDLE_IDENTIFIER = com.leeo.LeeoLifeLog;
				PRODUCT_NAME = "$(TARGET_NAME)";
				SWIFT_EMIT_LOC_STRINGS = YES;
				SWIFT_VERSION = 5.0;
				TARGETED_DEVICE_FAMILY = "1,2";
			};
			name = Debug;
		};
		58439C3D285F57430087B332 /* Release */ = {
			isa = XCBuildConfiguration;
			buildSettings = {
				ASSETCATALOG_COMPILER_APPICON_NAME = AppIcon;
				ASSETCATALOG_COMPILER_GLOBAL_ACCENT_COLOR_NAME = AccentColor;
				CODE_SIGN_STYLE = Automatic;
				CURRENT_PROJECT_VERSION = 1;
				DEVELOPMENT_ASSET_PATHS = "\"LeeoLifeLog/Preview Content\"";
				DEVELOPMENT_TEAM = QGAQ3AY3R3;
				ENABLE_PREVIEWS = YES;
				GENERATE_INFOPLIST_FILE = YES;
				INFOPLIST_KEY_UIApplicationSceneManifest_Generation = YES;
				INFOPLIST_KEY_UIApplicationSupportsIndirectInputEvents = YES;
				INFOPLIST_KEY_UILaunchScreen_Generation = YES;
				INFOPLIST_KEY_UISupportedInterfaceOrientations_iPad = "UIInterfaceOrientationPortrait UIInterfaceOrientationPortraitUpsideDown UIInterfaceOrientationLandscapeLeft UIInterfaceOrientationLandscapeRight";
				INFOPLIST_KEY_UISupportedInterfaceOrientations_iPhone = "UIInterfaceOrientationPortrait UIInterfaceOrientationLandscapeLeft UIInterfaceOrientationLandscapeRight";
				LD_RUNPATH_SEARCH_PATHS = (
					"$(inherited)",
					"@executable_path/Frameworks",
				);
				MARKETING_VERSION = 1.0;
				PRODUCT_BUNDLE_IDENTIFIER = com.leeo.LeeoLifeLog;
				PRODUCT_NAME = "$(TARGET_NAME)";
				SWIFT_EMIT_LOC_STRINGS = YES;
				SWIFT_VERSION = 5.0;
				TARGETED_DEVICE_FAMILY = "1,2";
			};
			name = Release;
		};
		58439C3F285F57430087B332 /* Debug */ = {
			isa = XCBuildConfiguration;
			buildSettings = {
				ALWAYS_EMBED_SWIFT_STANDARD_LIBRARIES = YES;
				BUNDLE_LOADER = "$(TEST_HOST)";
				CODE_SIGN_STYLE = Automatic;
				CURRENT_PROJECT_VERSION = 1;
				DEVELOPMENT_TEAM = QGAQ3AY3R3;
				GENERATE_INFOPLIST_FILE = YES;
				IPHONEOS_DEPLOYMENT_TARGET = 15.5;
				MARKETING_VERSION = 1.0;
				PRODUCT_BUNDLE_IDENTIFIER = com.leeo.LeeoLifeLogTests;
				PRODUCT_NAME = "$(TARGET_NAME)";
				SWIFT_EMIT_LOC_STRINGS = NO;
				SWIFT_VERSION = 5.0;
				TARGETED_DEVICE_FAMILY = "1,2";
				TEST_HOST = "$(BUILT_PRODUCTS_DIR)/LeeoLifeLog.app/LeeoLifeLog";
			};
			name = Debug;
		};
		58439C40285F57430087B332 /* Release */ = {
			isa = XCBuildConfiguration;
			buildSettings = {
				ALWAYS_EMBED_SWIFT_STANDARD_LIBRARIES = YES;
				BUNDLE_LOADER = "$(TEST_HOST)";
				CODE_SIGN_STYLE = Automatic;
				CURRENT_PROJECT_VERSION = 1;
				DEVELOPMENT_TEAM = QGAQ3AY3R3;
				GENERATE_INFOPLIST_FILE = YES;
				IPHONEOS_DEPLOYMENT_TARGET = 15.5;
				MARKETING_VERSION = 1.0;
				PRODUCT_BUNDLE_IDENTIFIER = com.leeo.LeeoLifeLogTests;
				PRODUCT_NAME = "$(TARGET_NAME)";
				SWIFT_EMIT_LOC_STRINGS = NO;
				SWIFT_VERSION = 5.0;
				TARGETED_DEVICE_FAMILY = "1,2";
				TEST_HOST = "$(BUILT_PRODUCTS_DIR)/LeeoLifeLog.app/LeeoLifeLog";
			};
			name = Release;
		};
		58439C42285F57430087B332 /* Debug */ = {
			isa = XCBuildConfiguration;
			buildSettings = {
				ALWAYS_EMBED_SWIFT_STANDARD_LIBRARIES = YES;
				CODE_SIGN_STYLE = Automatic;
				CURRENT_PROJECT_VERSION = 1;
				DEVELOPMENT_TEAM = QGAQ3AY3R3;
				GENERATE_INFOPLIST_FILE = YES;
				MARKETING_VERSION = 1.0;
				PRODUCT_BUNDLE_IDENTIFIER = com.leeo.LeeoLifeLogUITests;
				PRODUCT_NAME = "$(TARGET_NAME)";
				SWIFT_EMIT_LOC_STRINGS = NO;
				SWIFT_VERSION = 5.0;
				TARGETED_DEVICE_FAMILY = "1,2";
				TEST_TARGET_NAME = LeeoLifeLog;
			};
			name = Debug;
		};
		58439C43285F57430087B332 /* Release */ = {
			isa = XCBuildConfiguration;
			buildSettings = {
				ALWAYS_EMBED_SWIFT_STANDARD_LIBRARIES = YES;
				CODE_SIGN_STYLE = Automatic;
				CURRENT_PROJECT_VERSION = 1;
				DEVELOPMENT_TEAM = QGAQ3AY3R3;
				GENERATE_INFOPLIST_FILE = YES;
				MARKETING_VERSION = 1.0;
				PRODUCT_BUNDLE_IDENTIFIER = com.leeo.LeeoLifeLogUITests;
				PRODUCT_NAME = "$(TARGET_NAME)";
				SWIFT_EMIT_LOC_STRINGS = NO;
				SWIFT_VERSION = 5.0;
				TARGETED_DEVICE_FAMILY = "1,2";
				TEST_TARGET_NAME = LeeoLifeLog;
			};
			name = Release;
		};
/* End XCBuildConfiguration section */

/* Begin XCConfigurationList section */
		58439C12285F57420087B332 /* Build configuration list for PBXProject "LeeoLifeLog" */ = {
			isa = XCConfigurationList;
			buildConfigurations = (
				58439C39285F57430087B332 /* Debug */,
				58439C3A285F57430087B332 /* Release */,
			);
			defaultConfigurationIsVisible = 0;
			defaultConfigurationName = Release;
		};
		58439C3B285F57430087B332 /* Build configuration list for PBXNativeTarget "LeeoLifeLog" */ = {
			isa = XCConfigurationList;
			buildConfigurations = (
				58439C3C285F57430087B332 /* Debug */,
				58439C3D285F57430087B332 /* Release */,
			);
			defaultConfigurationIsVisible = 0;
			defaultConfigurationName = Release;
		};
		58439C3E285F57430087B332 /* Build configuration list for PBXNativeTarget "LeeoLifeLogTests" */ = {
			isa = XCConfigurationList;
			buildConfigurations = (
				58439C3F285F57430087B332 /* Debug */,
				58439C40285F57430087B332 /* Release */,
			);
			defaultConfigurationIsVisible = 0;
			defaultConfigurationName = Release;
		};
		58439C41285F57430087B332 /* Build configuration list for PBXNativeTarget "LeeoLifeLogUITests" */ = {
			isa = XCConfigurationList;
			buildConfigurations = (
				58439C42285F57430087B332 /* Debug */,
				58439C43285F57430087B332 /* Release */,
			);
			defaultConfigurationIsVisible = 0;
			defaultConfigurationName = Release;
		};
/* End XCConfigurationList section */
	};
	rootObject = 58439C0F285F57420087B332 /* Project object */;
}
